
Microsoft Visual Studio Solution File, Format Version 12.00
# Visual Studio Version 16
VisualStudioVersion = 16.0.29806.167
MinimumVisualStudioVersion = 10.0.40219.1
Project("{8BC9CEB8-8B4A-11D0-8D11-00A0C91BC942}") = "LevelDB-MCPE", "Leveldb-Mcpe\LevelDB-MCPE.vcxproj", "{C576086F-4B3A-4A81-8807-2A761A03BBB8}"
EndProject
Project("{2150E333-8FDC-42A3-9474-1A3956D46DE8}") = "API", "API", "{0DF24DBC-F4AB-4E3D-93DC-AC909C9FDAF8}"
EndProject
Project("{2150E333-8FDC-42A3-9474-1A3956D46DE8}") = "Debugger", "Debugger", "{192E7A4E-95EC-4E9E-A078-BDFE794D9856}"
EndProject
Project("{2150E333-8FDC-42A3-9474-1A3956D46DE8}") = "Test", "Test", "{F770DDA2-0F20-48F2-9565-1335AB22AEF4}"
EndProject
Project("{FAE04EC0-301F-11D3-BF4B-00C04F79EFBC}") = "LevelDB-MCPE.Net", "LevelDB-MCPE.Net\LevelDB-MCPE.Net.csproj", "{C9FEDFAF-BAA8-4112-8743-66994164AF73}"
EndProject
Project("{FAE04EC0-301F-11D3-BF4B-00C04F79EFBC}") = "Test", "Test\Test.csproj", "{A93AAE38-CD03-4146-81E2-0E35F12963A4}"
EndProject
Project("{FAE04EC0-301F-11D3-BF4B-00C04F79EFBC}") = "Debugger", "Debugger\Debugger.csproj", "{38CF457F-F225-4489-87E0-79F0FE3BB887}"
EndProject
Global
	GlobalSection(SolutionConfigurationPlatforms) = preSolution
		Debug|Any CPU = Debug|Any CPU
		Debug|x64 = Debug|x64
		Debug|x86 = Debug|x86
		Release|Any CPU = Release|Any CPU
		Release|x64 = Release|x64
		Release|x86 = Release|x86
	EndGlobalSection
	GlobalSection(ProjectConfigurationPlatforms) = postSolution
		{C576086F-4B3A-4A81-8807-2A761A03BBB8}.Debug|Any CPU.ActiveCfg = Debug|Win32
		{C576086F-4B3A-4A81-8807-2A761A03BBB8}.Debug|x64.ActiveCfg = Debug|x64
		{C576086F-4B3A-4A81-8807-2A761A03BBB8}.Debug|x64.Build.0 = Debug|x64
		{C576086F-4B3A-4A81-8807-2A761A03BBB8}.Debug|x86.ActiveCfg = Debug|Win32
		{C576086F-4B3A-4A81-8807-2A761A03BBB8}.Debug|x86.Build.0 = Debug|Win32
		{C576086F-4B3A-4A81-8807-2A761A03BBB8}.Release|Any CPU.ActiveCfg = Release|Win32
		{C576086F-4B3A-4A81-8807-2A761A03BBB8}.Release|x64.ActiveCfg = Release|x64
		{C576086F-4B3A-4A81-8807-2A761A03BBB8}.Release|x64.Build.0 = Release|x64
		{C576086F-4B3A-4A81-8807-2A761A03BBB8}.Release|x86.ActiveCfg = Release|Win32
		{C576086F-4B3A-4A81-8807-2A761A03BBB8}.Release|x86.Build.0 = Release|Win32
		{C9FEDFAF-BAA8-4112-8743-66994164AF73}.Debug|Any CPU.ActiveCfg = Debug|x86
		{C9FEDFAF-BAA8-4112-8743-66994164AF73}.Debug|Any CPU.Build.0 = Debug|x86
		{C9FEDFAF-BAA8-4112-8743-66994164AF73}.Debug|x64.ActiveCfg = Debug|x64
		{C9FEDFAF-BAA8-4112-8743-66994164AF73}.Debug|x64.Build.0 = Debug|x64
		{C9FEDFAF-BAA8-4112-8743-66994164AF73}.Debug|x86.ActiveCfg = Debug|x86
		{C9FEDFAF-BAA8-4112-8743-66994164AF73}.Debug|x86.Build.0 = Debug|x86
		{C9FEDFAF-BAA8-4112-8743-66994164AF73}.Release|Any CPU.ActiveCfg = Release|x86
		{C9FEDFAF-BAA8-4112-8743-66994164AF73}.Release|Any CPU.Build.0 = Release|x86
		{C9FEDFAF-BAA8-4112-8743-66994164AF73}.Release|x64.ActiveCfg = Release|x64
		{C9FEDFAF-BAA8-4112-8743-66994164AF73}.Release|x64.Build.0 = Release|x64
		{C9FEDFAF-BAA8-4112-8743-66994164AF73}.Release|x86.ActiveCfg = Release|x86
		{C9FEDFAF-BAA8-4112-8743-66994164AF73}.Release|x86.Build.0 = Release|x86
		{A93AAE38-CD03-4146-81E2-0E35F12963A4}.Debug|Any CPU.ActiveCfg = Debug|Any CPU
		{A93AAE38-CD03-4146-81E2-0E35F12963A4}.Debug|Any CPU.Build.0 = Debug|Any CPU
		{A93AAE38-CD03-4146-81E2-0E35F12963A4}.Debug|x64.ActiveCfg = Debug|x64
		{A93AAE38-CD03-4146-81E2-0E35F12963A4}.Debug|x64.Build.0 = Debug|x64
		{A93AAE38-CD03-4146-81E2-0E35F12963A4}.Debug|x86.ActiveCfg = Debug|x86
		{A93AAE38-CD03-4146-81E2-0E35F12963A4}.Debug|x86.Build.0 = Debug|x86
		{A93AAE38-CD03-4146-81E2-0E35F12963A4}.Release|Any CPU.ActiveCfg = Release|Any CPU
		{A93AAE38-CD03-4146-81E2-0E35F12963A4}.Release|Any CPU.Build.0 = Release|Any CPU
		{A93AAE38-CD03-4146-81E2-0E35F12963A4}.Release|x64.ActiveCfg = Release|x64
		{A93AAE38-CD03-4146-81E2-0E35F12963A4}.Release|x64.Build.0 = Release|x64
		{A93AAE38-CD03-4146-81E2-0E35F12963A4}.Release|x86.ActiveCfg = Release|x86
		{A93AAE38-CD03-4146-81E2-0E35F12963A4}.Release|x86.Build.0 = Release|x86
		{38CF457F-F225-4489-87E0-79F0FE3BB887}.Debug|Any CPU.ActiveCfg = Debug|Any CPU
		{38CF457F-F225-4489-87E0-79F0FE3BB887}.Debug|Any CPU.Build.0 = Debug|Any CPU
		{38CF457F-F225-4489-87E0-79F0FE3BB887}.Debug|x64.ActiveCfg = Debug|x64
		{38CF457F-F225-4489-87E0-79F0FE3BB887}.Debug|x64.Build.0 = Debug|x64
		{38CF457F-F225-4489-87E0-79F0FE3BB887}.Debug|x86.ActiveCfg = Debug|x86
		{38CF457F-F225-4489-87E0-79F0FE3BB887}.Debug|x86.Build.0 = Debug|x86
		{38CF457F-F225-4489-87E0-79F0FE3BB887}.Release|Any CPU.ActiveCfg = Release|Any CPU
		{38CF457F-F225-4489-87E0-79F0FE3BB887}.Release|Any CPU.Build.0 = Release|Any CPU
		{38CF457F-F225-4489-87E0-79F0FE3BB887}.Release|x64.ActiveCfg = Release|x64
		{38CF457F-F225-4489-87E0-79F0FE3BB887}.Release|x64.Build.0 = Release|x64
		{38CF457F-F225-4489-87E0-79F0FE3BB887}.Release|x86.ActiveCfg = Release|x86
		{38CF457F-F225-4489-87E0-79F0FE3BB887}.Release|x86.Build.0 = Release|x86
	EndGlobalSection
	GlobalSection(SolutionProperties) = preSolution
		HideSolutionNode = FALSE
	EndGlobalSection
	GlobalSection(NestedProjects) = preSolution
		{C576086F-4B3A-4A81-8807-2A761A03BBB8} = {0DF24DBC-F4AB-4E3D-93DC-AC909C9FDAF8}
		{C9FEDFAF-BAA8-4112-8743-66994164AF73} = {0DF24DBC-F4AB-4E3D-93DC-AC909C9FDAF8}
		{A93AAE38-CD03-4146-81E2-0E35F12963A4} = {F770DDA2-0F20-48F2-9565-1335AB22AEF4}
		{38CF457F-F225-4489-87E0-79F0FE3BB887} = {192E7A4E-95EC-4E9E-A078-BDFE794D9856}
	EndGlobalSection
	GlobalSection(ExtensibilityGlobals) = postSolution
		SolutionGuid = {DA99B2D7-CC23-4D9B-953E-A77820296234}
	EndGlobalSection
EndGlobal
